
Microsoft Visual Studio Solution File, Format Version 12.00
# Visual Studio 14
VisualStudioVersion = 14.0.25420.1
MinimumVisualStudioVersion = 10.0.40219.1
Project("{FAE04EC0-301F-11D3-BF4B-00C04F79EFBC}") = "Controller", "Controller\Controller.csproj", "{ED638DD5-E755-4B7A-940D-5C94AB425686}"
EndProject
Project("{FAE04EC0-301F-11D3-BF4B-00C04F79EFBC}") = "Test", "Test\Test.csproj", "{F63192FC-595F-426B-8DC2-114CE3ABCAD6}"
EndProject
Project("{FAE04EC0-301F-11D3-BF4B-00C04F79EFBC}") = "Domain", "Domain\Domain.csproj", "{9D675AF7-FBEA-4AA3-8328-098296585522}"
EndProject
Project("{FAE04EC0-301F-11D3-BF4B-00C04F79EFBC}") = "Persistence", "Persistence\Persistence.csproj", "{E71B97E6-EAC6-4788-AE4D-77B61BA515F9}"
EndProject
Global
	GlobalSection(SolutionConfigurationPlatforms) = preSolution
		Debug|Any CPU = Debug|Any CPU
		Release|Any CPU = Release|Any CPU
	EndGlobalSection
	GlobalSection(ProjectConfigurationPlatforms) = postSolution
		{ED638DD5-E755-4B7A-940D-5C94AB425686}.Debug|Any CPU.ActiveCfg = Debug|Any CPU
		{ED638DD5-E755-4B7A-940D-5C94AB425686}.Debug|Any CPU.Build.0 = Debug|Any CPU
		{ED638DD5-E755-4B7A-940D-5C94AB425686}.Release|Any CPU.ActiveCfg = Release|Any CPU
		{ED638DD5-E755-4B7A-940D-5C94AB425686}.Release|Any CPU.Build.0 = Release|Any CPU
		{F63192FC-595F-426B-8DC2-114CE3ABCAD6}.Debug|Any CPU.ActiveCfg = Debug|Any CPU
		{F63192FC-595F-426B-8DC2-114CE3ABCAD6}.Debug|Any CPU.Build.0 = Debug|Any CPU
		{F63192FC-595F-426B-8DC2-114CE3ABCAD6}.Release|Any CPU.ActiveCfg = Release|Any CPU
		{F63192FC-595F-426B-8DC2-114CE3ABCAD6}.Release|Any CPU.Build.0 = Release|Any CPU
		{9D675AF7-FBEA-4AA3-8328-098296585522}.Debug|Any CPU.ActiveCfg = Debug|Any CPU
		{9D675AF7-FBEA-4AA3-8328-098296585522}.Debug|Any CPU.Build.0 = Debug|Any CPU
		{9D675AF7-FBEA-4AA3-8328-098296585522}.Release|Any CPU.ActiveCfg = Release|Any CPU
		{9D675AF7-FBEA-4AA3-8328-098296585522}.Release|Any CPU.Build.0 = Release|Any CPU
		{E71B97E6-EAC6-4788-AE4D-77B61BA515F9}.Debug|Any CPU.ActiveCfg = Debug|Any CPU
		{E71B97E6-EAC6-4788-AE4D-77B61BA515F9}.Debug|Any CPU.Build.0 = Debug|Any CPU
		{E71B97E6-EAC6-4788-AE4D-77B61BA515F9}.Release|Any CPU.ActiveCfg = Release|Any CPU
		{E71B97E6-EAC6-4788-AE4D-77B61BA515F9}.Release|Any CPU.Build.0 = Release|Any CPU
	EndGlobalSection
	GlobalSection(SolutionProperties) = preSolution
		HideSolutionNode = FALSE
	EndGlobalSection
EndGlobal
